
Microsoft Visual Studio Solution File, Format Version 12.00
# Visual Studio Version 17
VisualStudioVersion = 17.9.34622.214
MinimumVisualStudioVersion = 10.0.40219.1
Project("{FAE04EC0-301F-11D3-BF4B-00C04F79EFBC}") = "MySkileton", "MySkileton\MySkileton.csproj", "{BBFFB767-67C5-4C7A-80F8-A0E301D977A2}"
EndProject
Project("{FAE04EC0-301F-11D3-BF4B-00C04F79EFBC}") = "TestProject1", "TestProject1\TestProject1.csproj", "{70B048B9-7B98-402B-B068-7F9C478D79A7}"
EndProject
Global
	GlobalSection(SolutionConfigurationPlatforms) = preSolution
		Debug|Any CPU = Debug|Any CPU
		Release|Any CPU = Release|Any CPU
	EndGlobalSection
	GlobalSection(ProjectConfigurationPlatforms) = postSolution
		{BBFFB767-67C5-4C7A-80F8-A0E301D977A2}.Debug|Any CPU.ActiveCfg = Debug|Any CPU
		{BBFFB767-67C5-4C7A-80F8-A0E301D977A2}.Debug|Any CPU.Build.0 = Debug|Any CPU
		{BBFFB767-67C5-4C7A-80F8-A0E301D977A2}.Release|Any CPU.ActiveCfg = Release|Any CPU
		{BBFFB767-67C5-4C7A-80F8-A0E301D977A2}.Release|Any CPU.Build.0 = Release|Any CPU
		{70B048B9-7B98-402B-B068-7F9C478D79A7}.Debug|Any CPU.ActiveCfg = Debug|Any CPU
		{70B048B9-7B98-402B-B068-7F9C478D79A7}.Debug|Any CPU.Build.0 = Debug|Any CPU
		{70B048B9-7B98-402B-B068-7F9C478D79A7}.Release|Any CPU.ActiveCfg = Release|Any CPU
		{70B048B9-7B98-402B-B068-7F9C478D79A7}.Release|Any CPU.Build.0 = Release|Any CPU
	EndGlobalSection
	GlobalSection(SolutionProperties) = preSolution
		HideSolutionNode = FALSE
	EndGlobalSection
	GlobalSection(ExtensibilityGlobals) = postSolution
		SolutionGuid = {BA6D4EB8-782D-4A41-B2EC-B6F3ADC0E6E6}
	EndGlobalSection
EndGlobal
